// !$*UTF8*$!
{
	archiveVersion = 1;
	classes = {
	};
	objectVersion = 56;
	objects = {

/* Begin PBXBuildFile section */
		1327D5B02BB33F9200033617 /* OpenAISwift in Frameworks */ = {isa = PBXBuildFile; productRef = 1327D5AF2BB33F9200033617 /* OpenAISwift */; };
		1327D5B22BB33FA300033617 /* OpenAISwift in Frameworks */ = {isa = PBXBuildFile; productRef = 1327D5B12BB33FA300033617 /* OpenAISwift */; };
		1327D5B42BB3400800033617 /* OpenAISwift in Frameworks */ = {isa = PBXBuildFile; productRef = 1327D5B32BB3400800033617 /* OpenAISwift */; };
		1327D5B72BB3401C00033617 /* OpenAISwift in Frameworks */ = {isa = PBXBuildFile; productRef = 1327D5B62BB3401C00033617 /* OpenAISwift */; };
		1327D5BA2BB602B000033617 /* CoreDataManager.swift in Sources */ = {isa = PBXBuildFile; fileRef = 1327D5B92BB602B000033617 /* CoreDataManager.swift */; };
		1327D5BB2BB602B000033617 /* CoreDataManager.swift in Sources */ = {isa = PBXBuildFile; fileRef = 1327D5B92BB602B000033617 /* CoreDataManager.swift */; };
		1327D5BE2BB603A400033617 /* HistoryModel.xcdatamodeld in Sources */ = {isa = PBXBuildFile; fileRef = 1327D5BC2BB603A400033617 /* HistoryModel.xcdatamodeld */; };
		1327D5BF2BB603A400033617 /* HistoryModel.xcdatamodeld in Sources */ = {isa = PBXBuildFile; fileRef = 1327D5BC2BB603A400033617 /* HistoryModel.xcdatamodeld */; };
		1327D5C22BB6062400033617 /* Query.swift in Sources */ = {isa = PBXBuildFile; fileRef = 1327D5C12BB6062400033617 /* Query.swift */; };
		1327D5C32BB6062400033617 /* Query.swift in Sources */ = {isa = PBXBuildFile; fileRef = 1327D5C12BB6062400033617 /* Query.swift */; };
		1327D5C52BB6067700033617 /* Model.swift in Sources */ = {isa = PBXBuildFile; fileRef = 1327D5C42BB6067700033617 /* Model.swift */; };
		1327D5C62BB6067700033617 /* Model.swift in Sources */ = {isa = PBXBuildFile; fileRef = 1327D5C42BB6067700033617 /* Model.swift */; };
		1327D5C82BB630F800033617 /* HistoryView.swift in Sources */ = {isa = PBXBuildFile; fileRef = 1327D5C72BB630F800033617 /* HistoryView.swift */; };
		1327D5C92BB630F800033617 /* HistoryView.swift in Sources */ = {isa = PBXBuildFile; fileRef = 1327D5C72BB630F800033617 /* HistoryView.swift */; };
		1368C4C42BB32B3B00353BB2 /* iOS_ChatGPTApp.swift in Sources */ = {isa = PBXBuildFile; fileRef = 1368C4C32BB32B3B00353BB2 /* iOS_ChatGPTApp.swift */; };
		1368C4C62BB32B3B00353BB2 /* ContentView.swift in Sources */ = {isa = PBXBuildFile; fileRef = 1368C4C52BB32B3B00353BB2 /* ContentView.swift */; };
		1368C4C82BB32B3C00353BB2 /* Assets.xcassets in Resources */ = {isa = PBXBuildFile; fileRef = 1368C4C72BB32B3C00353BB2 /* Assets.xcassets */; };
		1368C4CB2BB32B3C00353BB2 /* Preview Assets.xcassets in Resources */ = {isa = PBXBuildFile; fileRef = 1368C4CA2BB32B3C00353BB2 /* Preview Assets.xcassets */; };
		1368C4D62BB32B5600353BB2 /* macOS_ChatGPTApp.swift in Sources */ = {isa = PBXBuildFile; fileRef = 1368C4D52BB32B5600353BB2 /* macOS_ChatGPTApp.swift */; };
		1368C4D82BB32B5600353BB2 /* ContentView.swift in Sources */ = {isa = PBXBuildFile; fileRef = 1368C4D72BB32B5600353BB2 /* ContentView.swift */; };
		1368C4DA2BB32B5700353BB2 /* Assets.xcassets in Resources */ = {isa = PBXBuildFile; fileRef = 1368C4D92BB32B5700353BB2 /* Assets.xcassets */; };
		1368C4DD2BB32B5700353BB2 /* Preview Assets.xcassets in Resources */ = {isa = PBXBuildFile; fileRef = 1368C4DC2BB32B5700353BB2 /* Preview Assets.xcassets */; };
		1368C4EA2BB3324500353BB2 /* MainView.swift in Sources */ = {isa = PBXBuildFile; fileRef = 1368C4E92BB3324500353BB2 /* MainView.swift */; };
		1368C4EB2BB3324500353BB2 /* MainView.swift in Sources */ = {isa = PBXBuildFile; fileRef = 1368C4E92BB3324500353BB2 /* MainView.swift */; };
		1368C4EE2BB3334D00353BB2 /* String+Extensions.swift in Sources */ = {isa = PBXBuildFile; fileRef = 1368C4ED2BB3334D00353BB2 /* String+Extensions.swift */; };
		1368C4EF2BB3334D00353BB2 /* String+Extensions.swift in Sources */ = {isa = PBXBuildFile; fileRef = 1368C4ED2BB3334D00353BB2 /* String+Extensions.swift */; };
/* End PBXBuildFile section */

/* Begin PBXFileReference section */
		1327D5B92BB602B000033617 /* CoreDataManager.swift */ = {isa = PBXFileReference; lastKnownFileType = sourcecode.swift; path = CoreDataManager.swift; sourceTree = "<group>"; };
		1327D5BD2BB603A400033617 /* HistoryModel.xcdatamodel */ = {isa = PBXFileReference; lastKnownFileType = wrapper.xcdatamodel; path = HistoryModel.xcdatamodel; sourceTree = "<group>"; };
		1327D5C12BB6062400033617 /* Query.swift */ = {isa = PBXFileReference; lastKnownFileType = sourcecode.swift; path = Query.swift; sourceTree = "<group>"; };
		1327D5C42BB6067700033617 /* Model.swift */ = {isa = PBXFileReference; lastKnownFileType = sourcecode.swift; path = Model.swift; sourceTree = "<group>"; };
		1327D5C72BB630F800033617 /* HistoryView.swift */ = {isa = PBXFileReference; lastKnownFileType = sourcecode.swift; path = HistoryView.swift; sourceTree = "<group>"; };
		1368C4C02BB32B3B00353BB2 /* iOS-ChatGPT.app */ = {isa = PBXFileReference; explicitFileType = wrapper.application; includeInIndex = 0; path = "iOS-ChatGPT.app"; sourceTree = BUILT_PRODUCTS_DIR; };
		1368C4C32BB32B3B00353BB2 /* iOS_ChatGPTApp.swift */ = {isa = PBXFileReference; lastKnownFileType = sourcecode.swift; path = iOS_ChatGPTApp.swift; sourceTree = "<group>"; };
		1368C4C52BB32B3B00353BB2 /* ContentView.swift */ = {isa = PBXFileReference; lastKnownFileType = sourcecode.swift; path = ContentView.swift; sourceTree = "<group>"; };
		1368C4C72BB32B3C00353BB2 /* Assets.xcassets */ = {isa = PBXFileReference; lastKnownFileType = folder.assetcatalog; path = Assets.xcassets; sourceTree = "<group>"; };
		1368C4CA2BB32B3C00353BB2 /* Preview Assets.xcassets */ = {isa = PBXFileReference; lastKnownFileType = folder.assetcatalog; path = "Preview Assets.xcassets"; sourceTree = "<group>"; };
		1368C4D32BB32B5600353BB2 /* macOS-ChatGPT.app */ = {isa = PBXFileReference; explicitFileType = wrapper.application; includeInIndex = 0; path = "macOS-ChatGPT.app"; sourceTree = BUILT_PRODUCTS_DIR; };
		1368C4D52BB32B5600353BB2 /* macOS_ChatGPTApp.swift */ = {isa = PBXFileReference; lastKnownFileType = sourcecode.swift; path = macOS_ChatGPTApp.swift; sourceTree = "<group>"; };
		1368C4D72BB32B5600353BB2 /* ContentView.swift */ = {isa = PBXFileReference; lastKnownFileType = sourcecode.swift; path = ContentView.swift; sourceTree = "<group>"; };
		1368C4D92BB32B5700353BB2 /* Assets.xcassets */ = {isa = PBXFileReference; lastKnownFileType = folder.assetcatalog; path = Assets.xcassets; sourceTree = "<group>"; };
		1368C4DC2BB32B5700353BB2 /* Preview Assets.xcassets */ = {isa = PBXFileReference; lastKnownFileType = folder.assetcatalog; path = "Preview Assets.xcassets"; sourceTree = "<group>"; };
		1368C4DE2BB32B5700353BB2 /* macOS_ChatGPT.entitlements */ = {isa = PBXFileReference; lastKnownFileType = text.plist.entitlements; path = macOS_ChatGPT.entitlements; sourceTree = "<group>"; };
		1368C4E92BB3324500353BB2 /* MainView.swift */ = {isa = PBXFileReference; lastKnownFileType = sourcecode.swift; path = MainView.swift; sourceTree = "<group>"; };
		1368C4ED2BB3334D00353BB2 /* String+Extensions.swift */ = {isa = PBXFileReference; lastKnownFileType = sourcecode.swift; path = "String+Extensions.swift"; sourceTree = "<group>"; };
/* End PBXFileReference section */

/* Begin PBXFrameworksBuildPhase section */
		1368C4BD2BB32B3B00353BB2 /* Frameworks */ = {
			isa = PBXFrameworksBuildPhase;
			buildActionMask = 2147483647;
			files = (
				1327D5B42BB3400800033617 /* OpenAISwift in Frameworks */,
				1327D5B72BB3401C00033617 /* OpenAISwift in Frameworks */,
				1327D5B02BB33F9200033617 /* OpenAISwift in Frameworks */,
			);
			runOnlyForDeploymentPostprocessing = 0;
		};
		1368C4D02BB32B5600353BB2 /* Frameworks */ = {
			isa = PBXFrameworksBuildPhase;
			buildActionMask = 2147483647;
			files = (
				1327D5B22BB33FA300033617 /* OpenAISwift in Frameworks */,
			);
			runOnlyForDeploymentPostprocessing = 0;
		};
/* End PBXFrameworksBuildPhase section */

/* Begin PBXGroup section */
		1327D5B82BB6029A00033617 /* Managers */ = {
			isa = PBXGroup;
			children = (
				1327D5B92BB602B000033617 /* CoreDataManager.swift */,
			);
			path = Managers;
			sourceTree = "<group>";
		};
		1327D5C02BB6061500033617 /* Models */ = {
			isa = PBXGroup;
			children = (
				1327D5C12BB6062400033617 /* Query.swift */,
				1327D5C42BB6067700033617 /* Model.swift */,
			);
			path = Models;
			sourceTree = "<group>";
		};
		1368C4B52BB32B1400353BB2 = {
			isa = PBXGroup;
			children = (
				1368C4E22BB32B6500353BB2 /* Shared */,
				1368C4C22BB32B3B00353BB2 /* iOS-ChatGPT */,
				1368C4D42BB32B5600353BB2 /* macOS-ChatGPT */,
				1368C4C12BB32B3B00353BB2 /* Products */,
				1368C4E62BB3316F00353BB2 /* Frameworks */,
			);
			sourceTree = "<group>";
		};
		1368C4C12BB32B3B00353BB2 /* Products */ = {
			isa = PBXGroup;
			children = (
				1368C4C02BB32B3B00353BB2 /* iOS-ChatGPT.app */,
				1368C4D32BB32B5600353BB2 /* macOS-ChatGPT.app */,
			);
			name = Products;
			sourceTree = "<group>";
		};
		1368C4C22BB32B3B00353BB2 /* iOS-ChatGPT */ = {
			isa = PBXGroup;
			children = (
				1368C4C32BB32B3B00353BB2 /* iOS_ChatGPTApp.swift */,
				1368C4C52BB32B3B00353BB2 /* ContentView.swift */,
				1368C4C72BB32B3C00353BB2 /* Assets.xcassets */,
				1368C4C92BB32B3C00353BB2 /* Preview Content */,
			);
			path = "iOS-ChatGPT";
			sourceTree = "<group>";
		};
		1368C4C92BB32B3C00353BB2 /* Preview Content */ = {
			isa = PBXGroup;
			children = (
				1368C4CA2BB32B3C00353BB2 /* Preview Assets.xcassets */,
			);
			path = "Preview Content";
			sourceTree = "<group>";
		};
		1368C4D42BB32B5600353BB2 /* macOS-ChatGPT */ = {
			isa = PBXGroup;
			children = (
				1368C4D52BB32B5600353BB2 /* macOS_ChatGPTApp.swift */,
				1368C4D72BB32B5600353BB2 /* ContentView.swift */,
				1368C4D92BB32B5700353BB2 /* Assets.xcassets */,
				1368C4DE2BB32B5700353BB2 /* macOS_ChatGPT.entitlements */,
				1368C4DB2BB32B5700353BB2 /* Preview Content */,
			);
			path = "macOS-ChatGPT";
			sourceTree = "<group>";
		};
		1368C4DB2BB32B5700353BB2 /* Preview Content */ = {
			isa = PBXGroup;
			children = (
				1368C4DC2BB32B5700353BB2 /* Preview Assets.xcassets */,
			);
			path = "Preview Content";
			sourceTree = "<group>";
		};
		1368C4E22BB32B6500353BB2 /* Shared */ = {
			isa = PBXGroup;
			children = (
				1327D5C02BB6061500033617 /* Models */,
				1327D5B82BB6029A00033617 /* Managers */,
				1368C4EC2BB3333A00353BB2 /* Extensions */,
				1368C4E92BB3324500353BB2 /* MainView.swift */,
				1327D5BC2BB603A400033617 /* HistoryModel.xcdatamodeld */,
				1327D5C72BB630F800033617 /* HistoryView.swift */,
			);
			path = Shared;
			sourceTree = "<group>";
		};
		1368C4E62BB3316F00353BB2 /* Frameworks */ = {
			isa = PBXGroup;
			children = (
			);
			name = Frameworks;
			sourceTree = "<group>";
		};
		1368C4EC2BB3333A00353BB2 /* Extensions */ = {
			isa = PBXGroup;
			children = (
				1368C4ED2BB3334D00353BB2 /* String+Extensions.swift */,
			);
			path = Extensions;
			sourceTree = "<group>";
		};
/* End PBXGroup section */

/* Begin PBXNativeTarget section */
		1368C4BF2BB32B3B00353BB2 /* iOS-ChatGPT */ = {
			isa = PBXNativeTarget;
			buildConfigurationList = 1368C4CC2BB32B3C00353BB2 /* Build configuration list for PBXNativeTarget "iOS-ChatGPT" */;
			buildPhases = (
				1368C4BC2BB32B3B00353BB2 /* Sources */,
				1368C4BD2BB32B3B00353BB2 /* Frameworks */,
				1368C4BE2BB32B3B00353BB2 /* Resources */,
			);
			buildRules = (
			);
			dependencies = (
			);
			name = "iOS-ChatGPT";
			packageProductDependencies = (
				1327D5AF2BB33F9200033617 /* OpenAISwift */,
				1327D5B32BB3400800033617 /* OpenAISwift */,
				1327D5B62BB3401C00033617 /* OpenAISwift */,
			);
			productName = "iOS-ChatGPT";
			productReference = 1368C4C02BB32B3B00353BB2 /* iOS-ChatGPT.app */;
			productType = "com.apple.product-type.application";
		};
		1368C4D22BB32B5600353BB2 /* macOS-ChatGPT */ = {
			isa = PBXNativeTarget;
			buildConfigurationList = 1368C4DF2BB32B5700353BB2 /* Build configuration list for PBXNativeTarget "macOS-ChatGPT" */;
			buildPhases = (
				1368C4CF2BB32B5600353BB2 /* Sources */,
				1368C4D02BB32B5600353BB2 /* Frameworks */,
				1368C4D12BB32B5600353BB2 /* Resources */,
			);
			buildRules = (
			);
			dependencies = (
			);
			name = "macOS-ChatGPT";
			packageProductDependencies = (
				1327D5B12BB33FA300033617 /* OpenAISwift */,
			);
			productName = "macOS-ChatGPT";
			productReference = 1368C4D32BB32B5600353BB2 /* macOS-ChatGPT.app */;
			productType = "com.apple.product-type.application";
		};
/* End PBXNativeTarget section */

/* Begin PBXProject section */
		1368C4B62BB32B1400353BB2 /* Project object */ = {
			isa = PBXProject;
			attributes = {
				BuildIndependentTargetsInParallel = 1;
				LastSwiftUpdateCheck = 1530;
				LastUpgradeCheck = 1530;
				TargetAttributes = {
					1368C4BF2BB32B3B00353BB2 = {
						CreatedOnToolsVersion = 15.3;
					};
					1368C4D22BB32B5600353BB2 = {
						CreatedOnToolsVersion = 15.3;
					};
				};
			};
			buildConfigurationList = 1368C4B92BB32B1400353BB2 /* Build configuration list for PBXProject "ChatGPTApp" */;
			compatibilityVersion = "Xcode 14.0";
			developmentRegion = en;
			hasScannedForEncodings = 0;
			knownRegions = (
				en,
				Base,
			);
			mainGroup = 1368C4B52BB32B1400353BB2;
			packageReferences = (
				1327D5B52BB3401C00033617 /* XCRemoteSwiftPackageReference "OpenAISwift" */,
			);
			productRefGroup = 1368C4C12BB32B3B00353BB2 /* Products */;
			projectDirPath = "";
			projectRoot = "";
			targets = (
				1368C4BF2BB32B3B00353BB2 /* iOS-ChatGPT */,
				1368C4D22BB32B5600353BB2 /* macOS-ChatGPT */,
			);
		};
/* End PBXProject section */

/* Begin PBXResourcesBuildPhase section */
		1368C4BE2BB32B3B00353BB2 /* Resources */ = {
			isa = PBXResourcesBuildPhase;
			buildActionMask = 2147483647;
			files = (
				1368C4CB2BB32B3C00353BB2 /* Preview Assets.xcassets in Resources */,
				1368C4C82BB32B3C00353BB2 /* Assets.xcassets in Resources */,
			);
			runOnlyForDeploymentPostprocessing = 0;
		};
		1368C4D12BB32B5600353BB2 /* Resources */ = {
			isa = PBXResourcesBuildPhase;
			buildActionMask = 2147483647;
			files = (
				1368C4DD2BB32B5700353BB2 /* Preview Assets.xcassets in Resources */,
				1368C4DA2BB32B5700353BB2 /* Assets.xcassets in Resources */,
			);
			runOnlyForDeploymentPostprocessing = 0;
		};
/* End PBXResourcesBuildPhase section */

/* Begin PBXSourcesBuildPhase section */
		1368C4BC2BB32B3B00353BB2 /* Sources */ = {
			isa = PBXSourcesBuildPhase;
			buildActionMask = 2147483647;
			files = (
				1368C4EE2BB3334D00353BB2 /* String+Extensions.swift in Sources */,
				1327D5C22BB6062400033617 /* Query.swift in Sources */,
				1368C4C62BB32B3B00353BB2 /* ContentView.swift in Sources */,
				1368C4EA2BB3324500353BB2 /* MainView.swift in Sources */,
				1327D5BA2BB602B000033617 /* CoreDataManager.swift in Sources */,
				1327D5BE2BB603A400033617 /* HistoryModel.xcdatamodeld in Sources */,
				1368C4C42BB32B3B00353BB2 /* iOS_ChatGPTApp.swift in Sources */,
				1327D5C82BB630F800033617 /* HistoryView.swift in Sources */,
				1327D5C52BB6067700033617 /* Model.swift in Sources */,
			);
			runOnlyForDeploymentPostprocessing = 0;
		};
		1368C4CF2BB32B5600353BB2 /* Sources */ = {
			isa = PBXSourcesBuildPhase;
			buildActionMask = 2147483647;
			files = (
				1368C4EF2BB3334D00353BB2 /* String+Extensions.swift in Sources */,
				1327D5C32BB6062400033617 /* Query.swift in Sources */,
				1368C4D82BB32B5600353BB2 /* ContentView.swift in Sources */,
				1368C4EB2BB3324500353BB2 /* MainView.swift in Sources */,
				1327D5BB2BB602B000033617 /* CoreDataManager.swift in Sources */,
				1327D5BF2BB603A400033617 /* HistoryModel.xcdatamodeld in Sources */,
				1368C4D62BB32B5600353BB2 /* macOS_ChatGPTApp.swift in Sources */,
				1327D5C92BB630F800033617 /* HistoryView.swift in Sources */,
				1327D5C62BB6067700033617 /* Model.swift in Sources */,
			);
			runOnlyForDeploymentPostprocessing = 0;
		};
/* End PBXSourcesBuildPhase section */

/* Begin XCBuildConfiguration section */
		1368C4BA2BB32B1400353BB2 /* Debug */ = {
			isa = XCBuildConfiguration;
			buildSettings = {
			};
			name = Debug;
		};
		1368C4BB2BB32B1400353BB2 /* Release */ = {
			isa = XCBuildConfiguration;
			buildSettings = {
			};
			name = Release;
		};
		1368C4CD2BB32B3C00353BB2 /* Debug */ = {
			isa = XCBuildConfiguration;
			buildSettings = {
				ALWAYS_SEARCH_USER_PATHS = NO;
				ASSETCATALOG_COMPILER_APPICON_NAME = AppIcon;
				ASSETCATALOG_COMPILER_GENERATE_SWIFT_ASSET_SYMBOL_EXTENSIONS = YES;
				ASSETCATALOG_COMPILER_GLOBAL_ACCENT_COLOR_NAME = AccentColor;
				CLANG_ANALYZER_NONNULL = YES;
				CLANG_ANALYZER_NUMBER_OBJECT_CONVERSION = YES_AGGRESSIVE;
				CLANG_CXX_LANGUAGE_STANDARD = "gnu++20";
				CLANG_ENABLE_MODULES = YES;
				CLANG_ENABLE_OBJC_ARC = YES;
				CLANG_ENABLE_OBJC_WEAK = YES;
				CLANG_WARN_BLOCK_CAPTURE_AUTORELEASING = YES;
				CLANG_WARN_BOOL_CONVERSION = YES;
				CLANG_WARN_COMMA = YES;
				CLANG_WARN_CONSTANT_CONVERSION = YES;
				CLANG_WARN_DEPRECATED_OBJC_IMPLEMENTATIONS = YES;
				CLANG_WARN_DIRECT_OBJC_ISA_USAGE = YES_ERROR;
				CLANG_WARN_DOCUMENTATION_COMMENTS = YES;
				CLANG_WARN_EMPTY_BODY = YES;
				CLANG_WARN_ENUM_CONVERSION = YES;
				CLANG_WARN_INFINITE_RECURSION = YES;
				CLANG_WARN_INT_CONVERSION = YES;
				CLANG_WARN_NON_LITERAL_NULL_CONVERSION = YES;
				CLANG_WARN_OBJC_IMPLICIT_RETAIN_SELF = YES;
				CLANG_WARN_OBJC_LITERAL_CONVERSION = YES;
				CLANG_WARN_OBJC_ROOT_CLASS = YES_ERROR;
				CLANG_WARN_QUOTED_INCLUDE_IN_FRAMEWORK_HEADER = YES;
				CLANG_WARN_RANGE_LOOP_ANALYSIS = YES;
				CLANG_WARN_STRICT_PROTOTYPES = YES;
				CLANG_WARN_SUSPICIOUS_MOVE = YES;
				CLANG_WARN_UNGUARDED_AVAILABILITY = YES_AGGRESSIVE;
				CLANG_WARN_UNREACHABLE_CODE = YES;
				CLANG_WARN__DUPLICATE_METHOD_MATCH = YES;
				CODE_SIGN_STYLE = Automatic;
				COPY_PHASE_STRIP = NO;
				CURRENT_PROJECT_VERSION = 1;
				DEBUG_INFORMATION_FORMAT = dwarf;
				DEVELOPMENT_ASSET_PATHS = "\"iOS-ChatGPT/Preview Content\"";
				DEVELOPMENT_TEAM = 4C4FN7PLAL;
				ENABLE_PREVIEWS = YES;
				ENABLE_STRICT_OBJC_MSGSEND = YES;
				ENABLE_TESTABILITY = YES;
				ENABLE_USER_SCRIPT_SANDBOXING = YES;
				GCC_C_LANGUAGE_STANDARD = gnu17;
				GCC_DYNAMIC_NO_PIC = NO;
				GCC_NO_COMMON_BLOCKS = YES;
				GCC_OPTIMIZATION_LEVEL = 0;
				GCC_PREPROCESSOR_DEFINITIONS = (
					"DEBUG=1",
					"$(inherited)",
				);
				GCC_WARN_64_TO_32_BIT_CONVERSION = YES;
				GCC_WARN_ABOUT_RETURN_TYPE = YES_ERROR;
				GCC_WARN_UNDECLARED_SELECTOR = YES;
				GCC_WARN_UNINITIALIZED_AUTOS = YES_AGGRESSIVE;
				GCC_WARN_UNUSED_FUNCTION = YES;
				GCC_WARN_UNUSED_VARIABLE = YES;
				GENERATE_INFOPLIST_FILE = YES;
				INFOPLIST_KEY_UIApplicationSceneManifest_Generation = YES;
				INFOPLIST_KEY_UIApplicationSupportsIndirectInputEvents = YES;
				INFOPLIST_KEY_UILaunchScreen_Generation = YES;
				INFOPLIST_KEY_UISupportedInterfaceOrientations_iPad = "UIInterfaceOrientationPortrait UIInterfaceOrientationPortraitUpsideDown UIInterfaceOrientationLandscapeLeft UIInterfaceOrientationLandscapeRight";
				INFOPLIST_KEY_UISupportedInterfaceOrientations_iPhone = "UIInterfaceOrientationPortrait UIInterfaceOrientationLandscapeLeft UIInterfaceOrientationLandscapeRight";
				IPHONEOS_DEPLOYMENT_TARGET = 17.4;
				LD_RUNPATH_SEARCH_PATHS = (
					"$(inherited)",
					"@executable_path/Frameworks",
				);
				LOCALIZATION_PREFERS_STRING_CATALOGS = YES;
				MARKETING_VERSION = 1.0;
				MTL_ENABLE_DEBUG_INFO = INCLUDE_SOURCE;
				MTL_FAST_MATH = YES;
				ONLY_ACTIVE_ARCH = YES;
				PRODUCT_BUNDLE_IDENTIFIER = "dev.thx1766.iOS-ChatGPT";
				PRODUCT_NAME = "$(TARGET_NAME)";
				SDKROOT = iphoneos;
				SWIFT_ACTIVE_COMPILATION_CONDITIONS = "DEBUG $(inherited)";
				SWIFT_EMIT_LOC_STRINGS = YES;
				SWIFT_OPTIMIZATION_LEVEL = "-Onone";
				SWIFT_VERSION = 5.0;
				TARGETED_DEVICE_FAMILY = "1,2";
			};
			name = Debug;
		};
		1368C4CE2BB32B3C00353BB2 /* Release */ = {
			isa = XCBuildConfiguration;
			buildSettings = {
				ALWAYS_SEARCH_USER_PATHS = NO;
				ASSETCATALOG_COMPILER_APPICON_NAME = AppIcon;
				ASSETCATALOG_COMPILER_GENERATE_SWIFT_ASSET_SYMBOL_EXTENSIONS = YES;
				ASSETCATALOG_COMPILER_GLOBAL_ACCENT_COLOR_NAME = AccentColor;
				CLANG_ANALYZER_NONNULL = YES;
				CLANG_ANALYZER_NUMBER_OBJECT_CONVERSION = YES_AGGRESSIVE;
				CLANG_CXX_LANGUAGE_STANDARD = "gnu++20";
				CLANG_ENABLE_MODULES = YES;
				CLANG_ENABLE_OBJC_ARC = YES;
				CLANG_ENABLE_OBJC_WEAK = YES;
				CLANG_WARN_BLOCK_CAPTURE_AUTORELEASING = YES;
				CLANG_WARN_BOOL_CONVERSION = YES;
				CLANG_WARN_COMMA = YES;
				CLANG_WARN_CONSTANT_CONVERSION = YES;
				CLANG_WARN_DEPRECATED_OBJC_IMPLEMENTATIONS = YES;
				CLANG_WARN_DIRECT_OBJC_ISA_USAGE = YES_ERROR;
				CLANG_WARN_DOCUMENTATION_COMMENTS = YES;
				CLANG_WARN_EMPTY_BODY = YES;
				CLANG_WARN_ENUM_CONVERSION = YES;
				CLANG_WARN_INFINITE_RECURSION = YES;
				CLANG_WARN_INT_CONVERSION = YES;
				CLANG_WARN_NON_LITERAL_NULL_CONVERSION = YES;
				CLANG_WARN_OBJC_IMPLICIT_RETAIN_SELF = YES;
				CLANG_WARN_OBJC_LITERAL_CONVERSION = YES;
				CLANG_WARN_OBJC_ROOT_CLASS = YES_ERROR;
				CLANG_WARN_QUOTED_INCLUDE_IN_FRAMEWORK_HEADER = YES;
				CLANG_WARN_RANGE_LOOP_ANALYSIS = YES;
				CLANG_WARN_STRICT_PROTOTYPES = YES;
				CLANG_WARN_SUSPICIOUS_MOVE = YES;
				CLANG_WARN_UNGUARDED_AVAILABILITY = YES_AGGRESSIVE;
				CLANG_WARN_UNREACHABLE_CODE = YES;
				CLANG_WARN__DUPLICATE_METHOD_MATCH = YES;
				CODE_SIGN_STYLE = Automatic;
				COPY_PHASE_STRIP = NO;
				CURRENT_PROJECT_VERSION = 1;
				DEBUG_INFORMATION_FORMAT = "dwarf-with-dsym";
				DEVELOPMENT_ASSET_PATHS = "\"iOS-ChatGPT/Preview Content\"";
				DEVELOPMENT_TEAM = 4C4FN7PLAL;
				ENABLE_NS_ASSERTIONS = NO;
				ENABLE_PREVIEWS = YES;
				ENABLE_STRICT_OBJC_MSGSEND = YES;
				ENABLE_USER_SCRIPT_SANDBOXING = YES;
				GCC_C_LANGUAGE_STANDARD = gnu17;
				GCC_NO_COMMON_BLOCKS = YES;
				GCC_WARN_64_TO_32_BIT_CONVERSION = YES;
				GCC_WARN_ABOUT_RETURN_TYPE = YES_ERROR;
				GCC_WARN_UNDECLARED_SELECTOR = YES;
				GCC_WARN_UNINITIALIZED_AUTOS = YES_AGGRESSIVE;
				GCC_WARN_UNUSED_FUNCTION = YES;
				GCC_WARN_UNUSED_VARIABLE = YES;
				GENERATE_INFOPLIST_FILE = YES;
				INFOPLIST_KEY_UIApplicationSceneManifest_Generation = YES;
				INFOPLIST_KEY_UIApplicationSupportsIndirectInputEvents = YES;
				INFOPLIST_KEY_UILaunchScreen_Generation = YES;
				INFOPLIST_KEY_UISupportedInterfaceOrientations_iPad = "UIInterfaceOrientationPortrait UIInterfaceOrientationPortraitUpsideDown UIInterfaceOrientationLandscapeLeft UIInterfaceOrientationLandscapeRight";
				INFOPLIST_KEY_UISupportedInterfaceOrientations_iPhone = "UIInterfaceOrientationPortrait UIInterfaceOrientationLandscapeLeft UIInterfaceOrientationLandscapeRight";
				IPHONEOS_DEPLOYMENT_TARGET = 17.4;
				LD_RUNPATH_SEARCH_PATHS = (
					"$(inherited)",
					"@executable_path/Frameworks",
				);
				LOCALIZATION_PREFERS_STRING_CATALOGS = YES;
				MARKETING_VERSION = 1.0;
				MTL_ENABLE_DEBUG_INFO = NO;
				MTL_FAST_MATH = YES;
				PRODUCT_BUNDLE_IDENTIFIER = "dev.thx1766.iOS-ChatGPT";
				PRODUCT_NAME = "$(TARGET_NAME)";
				SDKROOT = iphoneos;
				SWIFT_COMPILATION_MODE = wholemodule;
				SWIFT_EMIT_LOC_STRINGS = YES;
				SWIFT_VERSION = 5.0;
				TARGETED_DEVICE_FAMILY = "1,2";
				VALIDATE_PRODUCT = YES;
			};
			name = Release;
		};
		1368C4E02BB32B5700353BB2 /* Debug */ = {
			isa = XCBuildConfiguration;
			buildSettings = {
				ALWAYS_SEARCH_USER_PATHS = NO;
				ASSETCATALOG_COMPILER_APPICON_NAME = AppIcon;
				ASSETCATALOG_COMPILER_GENERATE_SWIFT_ASSET_SYMBOL_EXTENSIONS = YES;
				ASSETCATALOG_COMPILER_GLOBAL_ACCENT_COLOR_NAME = AccentColor;
				CLANG_ANALYZER_NONNULL = YES;
				CLANG_ANALYZER_NUMBER_OBJECT_CONVERSION = YES_AGGRESSIVE;
				CLANG_CXX_LANGUAGE_STANDARD = "gnu++20";
				CLANG_ENABLE_MODULES = YES;
				CLANG_ENABLE_OBJC_ARC = YES;
				CLANG_ENABLE_OBJC_WEAK = YES;
				CLANG_WARN_BLOCK_CAPTURE_AUTORELEASING = YES;
				CLANG_WARN_BOOL_CONVERSION = YES;
				CLANG_WARN_COMMA = YES;
				CLANG_WARN_CONSTANT_CONVERSION = YES;
				CLANG_WARN_DEPRECATED_OBJC_IMPLEMENTATIONS = YES;
				CLANG_WARN_DIRECT_OBJC_ISA_USAGE = YES_ERROR;
				CLANG_WARN_DOCUMENTATION_COMMENTS = YES;
				CLANG_WARN_EMPTY_BODY = YES;
				CLANG_WARN_ENUM_CONVERSION = YES;
				CLANG_WARN_INFINITE_RECURSION = YES;
				CLANG_WARN_INT_CONVERSION = YES;
				CLANG_WARN_NON_LITERAL_NULL_CONVERSION = YES;
				CLANG_WARN_OBJC_IMPLICIT_RETAIN_SELF = YES;
				CLANG_WARN_OBJC_LITERAL_CONVERSION = YES;
				CLANG_WARN_OBJC_ROOT_CLASS = YES_ERROR;
				CLANG_WARN_QUOTED_INCLUDE_IN_FRAMEWORK_HEADER = YES;
				CLANG_WARN_RANGE_LOOP_ANALYSIS = YES;
				CLANG_WARN_STRICT_PROTOTYPES = YES;
				CLANG_WARN_SUSPICIOUS_MOVE = YES;
				CLANG_WARN_UNGUARDED_AVAILABILITY = YES_AGGRESSIVE;
				CLANG_WARN_UNREACHABLE_CODE = YES;
				CLANG_WARN__DUPLICATE_METHOD_MATCH = YES;
				CODE_SIGN_ENTITLEMENTS = "macOS-ChatGPT/macOS_ChatGPT.entitlements";
				CODE_SIGN_STYLE = Automatic;
				COMBINE_HIDPI_IMAGES = YES;
				COPY_PHASE_STRIP = NO;
				CURRENT_PROJECT_VERSION = 1;
				DEBUG_INFORMATION_FORMAT = dwarf;
				DEVELOPMENT_ASSET_PATHS = "\"macOS-ChatGPT/Preview Content\"";
				DEVELOPMENT_TEAM = 4C4FN7PLAL;
				ENABLE_HARDENED_RUNTIME = YES;
				ENABLE_PREVIEWS = YES;
				ENABLE_STRICT_OBJC_MSGSEND = YES;
				ENABLE_TESTABILITY = YES;
				ENABLE_USER_SCRIPT_SANDBOXING = YES;
				GCC_C_LANGUAGE_STANDARD = gnu17;
				GCC_DYNAMIC_NO_PIC = NO;
				GCC_NO_COMMON_BLOCKS = YES;
				GCC_OPTIMIZATION_LEVEL = 0;
				GCC_PREPROCESSOR_DEFINITIONS = (
					"DEBUG=1",
					"$(inherited)",
				);
				GCC_WARN_64_TO_32_BIT_CONVERSION = YES;
				GCC_WARN_ABOUT_RETURN_TYPE = YES_ERROR;
				GCC_WARN_UNDECLARED_SELECTOR = YES;
				GCC_WARN_UNINITIALIZED_AUTOS = YES_AGGRESSIVE;
				GCC_WARN_UNUSED_FUNCTION = YES;
				GCC_WARN_UNUSED_VARIABLE = YES;
				GENERATE_INFOPLIST_FILE = YES;
				INFOPLIST_KEY_LSUIElement = YES;
				INFOPLIST_KEY_NSHumanReadableCopyright = "";
				LD_RUNPATH_SEARCH_PATHS = (
					"$(inherited)",
					"@executable_path/../Frameworks",
				);
				LOCALIZATION_PREFERS_STRING_CATALOGS = YES;
				MACOSX_DEPLOYMENT_TARGET = 14.4;
				MARKETING_VERSION = 1.0;
				MTL_ENABLE_DEBUG_INFO = INCLUDE_SOURCE;
				MTL_FAST_MATH = YES;
				ONLY_ACTIVE_ARCH = YES;
				PRODUCT_BUNDLE_IDENTIFIER = "dev.thx1766.macOS-ChatGPT";
				PRODUCT_NAME = "$(TARGET_NAME)";
				SDKROOT = macosx;
				SWIFT_ACTIVE_COMPILATION_CONDITIONS = "DEBUG $(inherited)";
				SWIFT_EMIT_LOC_STRINGS = YES;
				SWIFT_OPTIMIZATION_LEVEL = "-Onone";
				SWIFT_VERSION = 5.0;
			};
			name = Debug;
		};
		1368C4E12BB32B5700353BB2 /* Release */ = {
			isa = XCBuildConfiguration;
			buildSettings = {
				ALWAYS_SEARCH_USER_PATHS = NO;
				ASSETCATALOG_COMPILER_APPICON_NAME = AppIcon;
				ASSETCATALOG_COMPILER_GENERATE_SWIFT_ASSET_SYMBOL_EXTENSIONS = YES;
				ASSETCATALOG_COMPILER_GLOBAL_ACCENT_COLOR_NAME = AccentColor;
				CLANG_ANALYZER_NONNULL = YES;
				CLANG_ANALYZER_NUMBER_OBJECT_CONVERSION = YES_AGGRESSIVE;
				CLANG_CXX_LANGUAGE_STANDARD = "gnu++20";
				CLANG_ENABLE_MODULES = YES;
				CLANG_ENABLE_OBJC_ARC = YES;
				CLANG_ENABLE_OBJC_WEAK = YES;
				CLANG_WARN_BLOCK_CAPTURE_AUTORELEASING = YES;
				CLANG_WARN_BOOL_CONVERSION = YES;
				CLANG_WARN_COMMA = YES;
				CLANG_WARN_CONSTANT_CONVERSION = YES;
				CLANG_WARN_DEPRECATED_OBJC_IMPLEMENTATIONS = YES;
				CLANG_WARN_DIRECT_OBJC_ISA_USAGE = YES_ERROR;
				CLANG_WARN_DOCUMENTATION_COMMENTS = YES;
				CLANG_WARN_EMPTY_BODY = YES;
				CLANG_WARN_ENUM_CONVERSION = YES;
				CLANG_WARN_INFINITE_RECURSION = YES;
				CLANG_WARN_INT_CONVERSION = YES;
				CLANG_WARN_NON_LITERAL_NULL_CONVERSION = YES;
				CLANG_WARN_OBJC_IMPLICIT_RETAIN_SELF = YES;
				CLANG_WARN_OBJC_LITERAL_CONVERSION = YES;
				CLANG_WARN_OBJC_ROOT_CLASS = YES_ERROR;
				CLANG_WARN_QUOTED_INCLUDE_IN_FRAMEWORK_HEADER = YES;
				CLANG_WARN_RANGE_LOOP_ANALYSIS = YES;
				CLANG_WARN_STRICT_PROTOTYPES = YES;
				CLANG_WARN_SUSPICIOUS_MOVE = YES;
				CLANG_WARN_UNGUARDED_AVAILABILITY = YES_AGGRESSIVE;
				CLANG_WARN_UNREACHABLE_CODE = YES;
				CLANG_WARN__DUPLICATE_METHOD_MATCH = YES;
				CODE_SIGN_ENTITLEMENTS = "macOS-ChatGPT/macOS_ChatGPT.entitlements";
				CODE_SIGN_STYLE = Automatic;
				COMBINE_HIDPI_IMAGES = YES;
				COPY_PHASE_STRIP = NO;
				CURRENT_PROJECT_VERSION = 1;
				DEBUG_INFORMATION_FORMAT = "dwarf-with-dsym";
				DEVELOPMENT_ASSET_PATHS = "\"macOS-ChatGPT/Preview Content\"";
				DEVELOPMENT_TEAM = 4C4FN7PLAL;
				ENABLE_HARDENED_RUNTIME = YES;
				ENABLE_NS_ASSERTIONS = NO;
				ENABLE_PREVIEWS = YES;
				ENABLE_STRICT_OBJC_MSGSEND = YES;
				ENABLE_USER_SCRIPT_SANDBOXING = YES;
				GCC_C_LANGUAGE_STANDARD = gnu17;
				GCC_NO_COMMON_BLOCKS = YES;
				GCC_WARN_64_TO_32_BIT_CONVERSION = YES;
				GCC_WARN_ABOUT_RETURN_TYPE = YES_ERROR;
				GCC_WARN_UNDECLARED_SELECTOR = YES;
				GCC_WARN_UNINITIALIZED_AUTOS = YES_AGGRESSIVE;
				GCC_WARN_UNUSED_FUNCTION = YES;
				GCC_WARN_UNUSED_VARIABLE = YES;
				GENERATE_INFOPLIST_FILE = YES;
				INFOPLIST_KEY_LSUIElement = YES;
				INFOPLIST_KEY_NSHumanReadableCopyright = "";
				LD_RUNPATH_SEARCH_PATHS = (
					"$(inherited)",
					"@executable_path/../Frameworks",
				);
				LOCALIZATION_PREFERS_STRING_CATALOGS = YES;
				MACOSX_DEPLOYMENT_TARGET = 14.4;
				MARKETING_VERSION = 1.0;
				MTL_ENABLE_DEBUG_INFO = NO;
				MTL_FAST_MATH = YES;
				PRODUCT_BUNDLE_IDENTIFIER = "dev.thx1766.macOS-ChatGPT";
				PRODUCT_NAME = "$(TARGET_NAME)";
				SDKROOT = macosx;
				SWIFT_COMPILATION_MODE = wholemodule;
				SWIFT_EMIT_LOC_STRINGS = YES;
				SWIFT_VERSION = 5.0;
			};
			name = Release;
		};
/* End XCBuildConfiguration section */

/* Begin XCConfigurationList section */
		1368C4B92BB32B1400353BB2 /* Build configuration list for PBXProject "ChatGPTApp" */ = {
			isa = XCConfigurationList;
			buildConfigurations = (
				1368C4BA2BB32B1400353BB2 /* Debug */,
				1368C4BB2BB32B1400353BB2 /* Release */,
			);
			defaultConfigurationIsVisible = 0;
			defaultConfigurationName = Release;
		};
		1368C4CC2BB32B3C00353BB2 /* Build configuration list for PBXNativeTarget "iOS-ChatGPT" */ = {
			isa = XCConfigurationList;
			buildConfigurations = (
				1368C4CD2BB32B3C00353BB2 /* Debug */,
				1368C4CE2BB32B3C00353BB2 /* Release */,
			);
			defaultConfigurationIsVisible = 0;
			defaultConfigurationName = Release;
		};
		1368C4DF2BB32B5700353BB2 /* Build configuration list for PBXNativeTarget "macOS-ChatGPT" */ = {
			isa = XCConfigurationList;
			buildConfigurations = (
				1368C4E02BB32B5700353BB2 /* Debug */,
				1368C4E12BB32B5700353BB2 /* Release */,
			);
			defaultConfigurationIsVisible = 0;
			defaultConfigurationName = Release;
		};
/* End XCConfigurationList section */

/* Begin XCRemoteSwiftPackageReference section */
		1327D5B52BB3401C00033617 /* XCRemoteSwiftPackageReference "OpenAISwift" */ = {
			isa = XCRemoteSwiftPackageReference;
			repositoryURL = "https://github.com/Swift-Almanac/OpenAISwift";
			requirement = {
				kind = upToNextMajorVersion;
				minimumVersion = 1.4.1;
			};
		};
/* End XCRemoteSwiftPackageReference section */

/* Begin XCSwiftPackageProductDependency section */
		1327D5AF2BB33F9200033617 /* OpenAISwift */ = {
			isa = XCSwiftPackageProductDependency;
			productName = OpenAISwift;
		};
		1327D5B12BB33FA300033617 /* OpenAISwift */ = {
			isa = XCSwiftPackageProductDependency;
			productName = OpenAISwift;
		};
		1327D5B32BB3400800033617 /* OpenAISwift */ = {
			isa = XCSwiftPackageProductDependency;
			productName = OpenAISwift;
		};
		1327D5B62BB3401C00033617 /* OpenAISwift */ = {
			isa = XCSwiftPackageProductDependency;
			package = 1327D5B52BB3401C00033617 /* XCRemoteSwiftPackageReference "OpenAISwift" */;
			productName = OpenAISwift;
		};
/* End XCSwiftPackageProductDependency section */

/* Begin XCVersionGroup section */
		1327D5BC2BB603A400033617 /* HistoryModel.xcdatamodeld */ = {
			isa = XCVersionGroup;
			children = (
				1327D5BD2BB603A400033617 /* HistoryModel.xcdatamodel */,
			);
			currentVersion = 1327D5BD2BB603A400033617 /* HistoryModel.xcdatamodel */;
			name = HistoryModel.xcdatamodeld;
			path = /Users/thx1766/Documents/ChatGPTApp/Shared/HistoryModel.xcdatamodeld;
			sourceTree = "<group>";
			versionGroupType = wrapper.xcdatamodel;
		};
/* End XCVersionGroup section */
	};
	rootObject = 1368C4B62BB32B1400353BB2 /* Project object */;
}
